
Microsoft Visual Studio Solution File, Format Version 12.00
# Visual Studio Version 16
VisualStudioVersion = 16.0.31515.178
MinimumVisualStudioVersion = 10.0.40219.1
Project("{FAE04EC0-301F-11D3-BF4B-00C04F79EFBC}") = "StepsCounting", "StepsCounting\StepsCounting.csproj", "{4C8CB6B9-36C4-4173-9129-D98937CD08A2}"
EndProject
Global
	GlobalSection(SolutionConfigurationPlatforms) = preSolution
		Debug|Any CPU = Debug|Any CPU
		Release|Any CPU = Release|Any CPU
	EndGlobalSection
	GlobalSection(ProjectConfigurationPlatforms) = postSolution
		{4C8CB6B9-36C4-4173-9129-D98937CD08A2}.Debug|Any CPU.ActiveCfg = Debug|Any CPU
		{4C8CB6B9-36C4-4173-9129-D98937CD08A2}.Debug|Any CPU.Build.0 = Debug|Any CPU
		{4C8CB6B9-36C4-4173-9129-D98937CD08A2}.Release|Any CPU.ActiveCfg = Release|Any CPU
		{4C8CB6B9-36C4-4173-9129-D98937CD08A2}.Release|Any CPU.Build.0 = Release|Any CPU
	EndGlobalSection
	GlobalSection(SolutionProperties) = preSolution
		HideSolutionNode = FALSE
	EndGlobalSection
	GlobalSection(ExtensibilityGlobals) = postSolution
		SolutionGuid = {0B00497F-3329-4F31-A9A6-FCEE9C071766}
	EndGlobalSection
EndGlobal
